
Microsoft Visual Studio Solution File, Format Version 12.00
# Visual Studio Version 17
VisualStudioVersion = 17.7.34018.315
MinimumVisualStudioVersion = 10.0.40219.1
Project("{FAE04EC0-301F-11D3-BF4B-00C04F79EFBC}") = "BurgerShop", "BurgerShop\BurgerShop.csproj", "{CAD165CC-36B5-40B5-8DBD-E64C6449F115}"
EndProject
Global
	GlobalSection(SolutionConfigurationPlatforms) = preSolution
		Debug|Any CPU = Debug|Any CPU
		Release|Any CPU = Release|Any CPU
	EndGlobalSection
	GlobalSection(ProjectConfigurationPlatforms) = postSolution
		{CAD165CC-36B5-40B5-8DBD-E64C6449F115}.Debug|Any CPU.ActiveCfg = Debug|Any CPU
		{CAD165CC-36B5-40B5-8DBD-E64C6449F115}.Debug|Any CPU.Build.0 = Debug|Any CPU
		{CAD165CC-36B5-40B5-8DBD-E64C6449F115}.Release|Any CPU.ActiveCfg = Release|Any CPU
		{CAD165CC-36B5-40B5-8DBD-E64C6449F115}.Release|Any CPU.Build.0 = Release|Any CPU
	EndGlobalSection
	GlobalSection(SolutionProperties) = preSolution
		HideSolutionNode = FALSE
	EndGlobalSection
	GlobalSection(ExtensibilityGlobals) = postSolution
		SolutionGuid = {014043C4-6689-46EC-959B-F6F6B1D66DA3}
	EndGlobalSection
EndGlobal
